# This file is generated by running "yarn install" inside your project.
# Manual changes might be lost - proceed with caution!

__metadata:
  version: 6

"advent-of-code-2023@workspace:.":
  version: 0.0.0-use.local
  resolution: "advent-of-code-2023@workspace:."
  languageName: unknown
  linkType: soft
